
Microsoft Visual Studio Solution File, Format Version 12.00
# Visual Studio Version 17
VisualStudioVersion = 17.3.32929.385
MinimumVisualStudioVersion = 10.0.40219.1
Project("{9A19103F-16F7-4668-BE54-9A1E7A4F7556}") = "Hello!", "Hello!.csproj", "{F94AC4A9-0DDF-4FDC-AEDD-AA4C9DAB2D53}"
EndProject
Project("{9A19103F-16F7-4668-BE54-9A1E7A4F7556}") = "WpfApp4", "..\WpfApp4\WpfApp4.csproj", "{7BF492AC-7798-4EA0-9FA1-6A35B4FF11EE}"
EndProject
Project("{FAE04EC0-301F-11D3-BF4B-00C04F79EFBC}") = "WindowsFormsApp1", "..\WindowsFormsApp1\WindowsFormsApp1.csproj", "{DEF2E089-DEEB-460F-AFE2-98CB6113EE2F}"
EndProject
Project("{FAE04EC0-301F-11D3-BF4B-00C04F79EFBC}") = "MauiApp1", "..\MauiApp1\MauiApp1.csproj", "{EB2CB968-D092-4478-83E1-6EDF654C5ADD}"
EndProject
Global
	GlobalSection(SolutionConfigurationPlatforms) = preSolution
		Debug|Any CPU = Debug|Any CPU
		Release|Any CPU = Release|Any CPU
	EndGlobalSection
	GlobalSection(ProjectConfigurationPlatforms) = postSolution
		{F94AC4A9-0DDF-4FDC-AEDD-AA4C9DAB2D53}.Debug|Any CPU.ActiveCfg = Debug|Any CPU
		{F94AC4A9-0DDF-4FDC-AEDD-AA4C9DAB2D53}.Debug|Any CPU.Build.0 = Debug|Any CPU
		{F94AC4A9-0DDF-4FDC-AEDD-AA4C9DAB2D53}.Release|Any CPU.ActiveCfg = Release|Any CPU
		{F94AC4A9-0DDF-4FDC-AEDD-AA4C9DAB2D53}.Release|Any CPU.Build.0 = Release|Any CPU
		{7BF492AC-7798-4EA0-9FA1-6A35B4FF11EE}.Debug|Any CPU.ActiveCfg = Debug|Any CPU
		{7BF492AC-7798-4EA0-9FA1-6A35B4FF11EE}.Debug|Any CPU.Build.0 = Debug|Any CPU
		{7BF492AC-7798-4EA0-9FA1-6A35B4FF11EE}.Release|Any CPU.ActiveCfg = Release|Any CPU
		{7BF492AC-7798-4EA0-9FA1-6A35B4FF11EE}.Release|Any CPU.Build.0 = Release|Any CPU
		{DEF2E089-DEEB-460F-AFE2-98CB6113EE2F}.Debug|Any CPU.ActiveCfg = Debug|Any CPU
		{DEF2E089-DEEB-460F-AFE2-98CB6113EE2F}.Debug|Any CPU.Build.0 = Debug|Any CPU
		{DEF2E089-DEEB-460F-AFE2-98CB6113EE2F}.Release|Any CPU.ActiveCfg = Release|Any CPU
		{DEF2E089-DEEB-460F-AFE2-98CB6113EE2F}.Release|Any CPU.Build.0 = Release|Any CPU
		{EB2CB968-D092-4478-83E1-6EDF654C5ADD}.Debug|Any CPU.ActiveCfg = Debug|Any CPU
		{EB2CB968-D092-4478-83E1-6EDF654C5ADD}.Debug|Any CPU.Build.0 = Debug|Any CPU
		{EB2CB968-D092-4478-83E1-6EDF654C5ADD}.Debug|Any CPU.Deploy.0 = Debug|Any CPU
		{EB2CB968-D092-4478-83E1-6EDF654C5ADD}.Release|Any CPU.ActiveCfg = Release|Any CPU
		{EB2CB968-D092-4478-83E1-6EDF654C5ADD}.Release|Any CPU.Build.0 = Release|Any CPU
		{EB2CB968-D092-4478-83E1-6EDF654C5ADD}.Release|Any CPU.Deploy.0 = Release|Any CPU
	EndGlobalSection
	GlobalSection(SolutionProperties) = preSolution
		HideSolutionNode = FALSE
	EndGlobalSection
	GlobalSection(ExtensibilityGlobals) = postSolution
		SolutionGuid = {CF7B767B-7CF0-4B1D-BC66-6C4032C5C337}
	EndGlobalSection
EndGlobal
